
Microsoft Visual Studio Solution File, Format Version 10.00
# Visual Studio 2008
Project("{FAE04EC0-301F-11D3-BF4B-00C04F79EFBC}") = "robo", "robo\robo.csproj", "{8858F44D-AA92-4B50-8996-198E4323AC38}"
EndProject
Global
	GlobalSection(SolutionConfigurationPlatforms) = preSolution
		Debug|Any CPU = Debug|Any CPU
		Release|Any CPU = Release|Any CPU
	EndGlobalSection
	GlobalSection(ProjectConfigurationPlatforms) = postSolution
		{8858F44D-AA92-4B50-8996-198E4323AC38}.Debug|Any CPU.ActiveCfg = Debug|Any CPU
		{8858F44D-AA92-4B50-8996-198E4323AC38}.Debug|Any CPU.Build.0 = Debug|Any CPU
		{8858F44D-AA92-4B50-8996-198E4323AC38}.Release|Any CPU.ActiveCfg = Release|Any CPU
		{8858F44D-AA92-4B50-8996-198E4323AC38}.Release|Any CPU.Build.0 = Release|Any CPU
	EndGlobalSection
	GlobalSection(SolutionProperties) = preSolution
		HideSolutionNode = FALSE
	EndGlobalSection
EndGlobal
